
Microsoft Visual Studio Solution File, Format Version 12.00
# Visual Studio Version 16
VisualStudioVersion = 16.0.31112.23
MinimumVisualStudioVersion = 10.0.40219.1
Project("{F184B08F-C81C-45F6-A57F-5ABD9991F28F}") = "Day2", "Day2\Day2.vbproj", "{0208DF20-CAF0-4392-9E93-A27B14C609E1}"
EndProject
Global
	GlobalSection(SolutionConfigurationPlatforms) = preSolution
		Debug|Any CPU = Debug|Any CPU
		Release|Any CPU = Release|Any CPU
	EndGlobalSection
	GlobalSection(ProjectConfigurationPlatforms) = postSolution
		{0208DF20-CAF0-4392-9E93-A27B14C609E1}.Debug|Any CPU.ActiveCfg = Debug|Any CPU
		{0208DF20-CAF0-4392-9E93-A27B14C609E1}.Debug|Any CPU.Build.0 = Debug|Any CPU
		{0208DF20-CAF0-4392-9E93-A27B14C609E1}.Release|Any CPU.ActiveCfg = Release|Any CPU
		{0208DF20-CAF0-4392-9E93-A27B14C609E1}.Release|Any CPU.Build.0 = Release|Any CPU
	EndGlobalSection
	GlobalSection(SolutionProperties) = preSolution
		HideSolutionNode = FALSE
	EndGlobalSection
	GlobalSection(ExtensibilityGlobals) = postSolution
		SolutionGuid = {667A86D6-0AD1-4461-90A1-148BD08AF299}
	EndGlobalSection
EndGlobal
