
Microsoft Visual Studio Solution File, Format Version 12.00
# Visual Studio Version 16
VisualStudioVersion = 16.0.31112.23
MinimumVisualStudioVersion = 10.0.40219.1
Project("{FAE04EC0-301F-11D3-BF4B-00C04F79EFBC}") = "Car_Case_Observer", "Car_Case_Observer\Car_Case_Observer.csproj", "{395F94B2-8D4A-4C8B-8701-0A7D564A661F}"
EndProject
Global
	GlobalSection(SolutionConfigurationPlatforms) = preSolution
		Debug|Any CPU = Debug|Any CPU
		Release|Any CPU = Release|Any CPU
	EndGlobalSection
	GlobalSection(ProjectConfigurationPlatforms) = postSolution
		{395F94B2-8D4A-4C8B-8701-0A7D564A661F}.Debug|Any CPU.ActiveCfg = Debug|Any CPU
		{395F94B2-8D4A-4C8B-8701-0A7D564A661F}.Debug|Any CPU.Build.0 = Debug|Any CPU
		{395F94B2-8D4A-4C8B-8701-0A7D564A661F}.Release|Any CPU.ActiveCfg = Release|Any CPU
		{395F94B2-8D4A-4C8B-8701-0A7D564A661F}.Release|Any CPU.Build.0 = Release|Any CPU
	EndGlobalSection
	GlobalSection(SolutionProperties) = preSolution
		HideSolutionNode = FALSE
	EndGlobalSection
	GlobalSection(ExtensibilityGlobals) = postSolution
		SolutionGuid = {E7E27A54-A91D-417D-80A1-8C1F38BC413B}
	EndGlobalSection
EndGlobal
